
Microsoft Visual Studio Solution File, Format Version 12.00
# Visual Studio Version 17
VisualStudioVersion = 17.13.35931.197
MinimumVisualStudioVersion = 10.0.40219.1
Project("{FAE04EC0-301F-11D3-BF4B-00C04F79EFBC}") = "group9_GroupProject", "group9_GroupProject\group9_GroupProject.csproj", "{00F62351-C8E6-45E8-AB2C-F2F1C6D8B225}"
EndProject
Global
	GlobalSection(SolutionConfigurationPlatforms) = preSolution
		Debug|Any CPU = Debug|Any CPU
		Release|Any CPU = Release|Any CPU
	EndGlobalSection
	GlobalSection(ProjectConfigurationPlatforms) = postSolution
		{00F62351-C8E6-45E8-AB2C-F2F1C6D8B225}.Debug|Any CPU.ActiveCfg = Debug|Any CPU
		{00F62351-C8E6-45E8-AB2C-F2F1C6D8B225}.Debug|Any CPU.Build.0 = Debug|Any CPU
		{00F62351-C8E6-45E8-AB2C-F2F1C6D8B225}.Release|Any CPU.ActiveCfg = Release|Any CPU
		{00F62351-C8E6-45E8-AB2C-F2F1C6D8B225}.Release|Any CPU.Build.0 = Release|Any CPU
	EndGlobalSection
	GlobalSection(SolutionProperties) = preSolution
		HideSolutionNode = FALSE
	EndGlobalSection
	GlobalSection(ExtensibilityGlobals) = postSolution
		SolutionGuid = {822AE603-9AC6-4036-A93B-231AD4E27347}
	EndGlobalSection
EndGlobal
